[[package]]
name = "certifi"
version = "2022.9.24"
description = "Python package for providing Mozilla's CA Bundle."
category = "main"
optional = false
python-versions = ">=3.6"

[[package]]
name = "charset-normalizer"
version = "2.1.1"
description = "The Real First Universal Charset Detector. Open, modern and actively maintained alternative to Chardet."
category = "main"
optional = false
python-versions = ">=3.6.0"

[package.extras]
unicode-backport = ["unicodedata2"]

[[package]]
name = "datadog"
version = "0.44.0"
description = "The Datadog Python library"
category = "main"
optional = false
python-versions = "!=3.0.*,!=3.1.*,!=3.2.*,!=3.3.*,!=3.4.*,!=3.5.*,!=3.6.*,>=2.7"

[package.dependencies]
requests = ">=2.6.0"

[[package]]
name = "datadog-api-client"
version = "2.5.0"
description = "Collection of all Datadog Public endpoints"
category = "main"
optional = false
python-versions = ">=3.7"

[package.dependencies]
certifi = "*"
python-dateutil = "*"
typing-extensions = "*"
urllib3 = ">=1.15"

[package.extras]
apm = ["ddtrace (>=1.2.0)"]
async = ["aiosonic"]
tests = ["aiosonic", "glom", "jinja2", "mypy", "pytest", "pytest-asyncio", "pytest-bdd (>=5.0.0)", "pytest-randomly", "pytest-recording", "python-dateutil", "types-python-dateutil", "zstandard"]
zstandard = ["zstandard"]

[[package]]
name = "dependency-injector"
version = "4.40.0"
description = "Dependency injection framework for Python"
category = "main"
optional = false
python-versions = "*"

[package.dependencies]
six = ">=1.7.0,<=1.16.0"

[package.extras]
aiohttp = ["aiohttp"]
flask = ["flask"]
pydantic = ["pydantic"]
yaml = ["pyyaml"]

[[package]]
name = "idna"
version = "3.4"
description = "Internationalized Domain Names in Applications (IDNA)"
category = "main"
optional = false
python-versions = ">=3.5"

[[package]]
name = "python-dateutil"
version = "2.8.2"
description = "Extensions to the standard Python datetime module"
category = "main"
optional = false
python-versions = "!=3.0.*,!=3.1.*,!=3.2.*,>=2.7"

[package.dependencies]
six = ">=1.5"

[[package]]
name = "requests"
version = "2.28.1"
description = "Python HTTP for Humans."
category = "main"
optional = false
python-versions = ">=3.7, <4"

[package.dependencies]
certifi = ">=2017.4.17"
charset-normalizer = ">=2,<3"
idna = ">=2.5,<4"
urllib3 = ">=1.21.1,<1.27"

[package.extras]
socks = ["PySocks (>=1.5.6,!=1.5.7)"]
use-chardet-on-py3 = ["chardet (>=3.0.2,<6)"]

[[package]]
name = "six"
version = "1.16.0"
description = "Python 2 and 3 compatibility utilities"
category = "main"
optional = false
python-versions = ">=2.7, !=3.0.*, !=3.1.*, !=3.2.*"

[[package]]
name = "typing-extensions"
version = "4.4.0"
description = "Backported and Experimental Type Hints for Python 3.7+"
category = "main"
optional = false
python-versions = ">=3.7"

[[package]]
name = "urllib3"
version = "1.26.12"
description = "HTTP library with thread-safe connection pooling, file post, and more."
category = "main"
optional = false
python-versions = ">=2.7, !=3.0.*, !=3.1.*, !=3.2.*, !=3.3.*, !=3.4.*, !=3.5.*, <4"

[package.extras]
brotli = ["brotli (>=1.0.9)", "brotlicffi (>=0.8.0)", "brotlipy (>=0.6.0)"]
secure = ["certifi", "cryptography (>=1.3.4)", "idna (>=2.0.0)", "ipaddress", "pyOpenSSL (>=0.14)", "urllib3-secure-extra"]
socks = ["PySocks (>=1.5.6,!=1.5.7,<2.0)"]

[metadata]
lock-version = "1.1"
python-versions = "^3.8"
content-hash = "7252e2b86128cad69c9ef53db9bba6c4a742bda22e5f5a1a1e8b97696d3a3dfe"

[metadata.files]
certifi = [
    {file = "certifi-2022.9.24-py3-none-any.whl", hash = "sha256:90c1a32f1d68f940488354e36370f6cca89f0f106db09518524c88d6ed83f382"},
    {file = "certifi-2022.9.24.tar.gz", hash = "sha256:0d9c601124e5a6ba9712dbc60d9c53c21e34f5f641fe83002317394311bdce14"},
]
charset-normalizer = [
    {file = "charset-normalizer-2.1.1.tar.gz", hash = "sha256:5a3d016c7c547f69d6f81fb0db9449ce888b418b5b9952cc5e6e66843e9dd845"},
    {file = "charset_normalizer-2.1.1-py3-none-any.whl", hash = "sha256:83e9a75d1911279afd89352c68b45348559d1fc0506b054b346651b5e7fee29f"},
]
datadog = [
    {file = "datadog-0.44.0-py2.py3-none-any.whl", hash = "sha256:57c4878d3a8351f652792cdba78050274789dcc44313adec096e87f9d3ca5992"},
    {file = "datadog-0.44.0.tar.gz", hash = "sha256:071170f0c7ef22511dbf7f9bd76c4be500ee2d3d52072900a5c87b5495d2c733"},
]
datadog-api-client = [
    {file = "datadog-api-client-2.5.0.tar.gz", hash = "sha256:6177be2390019eb99c3a607b810bf314cade79edaf8fda4b21de371481a28e77"},
    {file = "datadog_api_client-2.5.0-py3-none-any.whl", hash = "sha256:c3764db29cd2f151644a1913a868f981f7098a3330411121ec353b17799f52a2"},
]
dependency-injector = [
    {file = "dependency-injector-4.40.0.tar.gz", hash = "sha256:b718a1b975be30da993a10b51ad80b925f5425f990d6f7643accb6f32182a47d"},
    {file = "dependency_injector-4.40.0-cp310-cp310-macosx_10_9_x86_64.whl", hash = "sha256:b692be694dbb9e5231468f1e67bdc60df4a3c00ce4dd313571f58056f2d7d976"},
    {file = "dependency_injector-4.40.0-cp310-cp310-manylinux_2_17_aarch64.manylinux2014_aarch64.whl", hash = "sha256:628b8b70620f73f4d9dc8dcea827797b1d4bf8aaf76e76fbc9d97d9ed4b7035b"},
    {file = "dependency_injector-4.40.0-cp310-cp310-manylinux_2_5_i686.manylinux1_i686.manylinux_2_12_i686.manylinux2010_i686.whl", hash = "sha256:a1d43d3f9c7aa03e30ee71ae81a314c08836a6f2dabc38ae256e524faf31ad16"},
    {file = "dependency_injector-4.40.0-cp310-cp310-manylinux_2_5_x86_64.manylinux1_x86_64.manylinux_2_12_x86_64.manylinux2010_x86_64.whl", hash = "sha256:8116120099912d3427ff7dc9a281ba9ddbb4fd2c48663712075c8900ab57a742"},
    {file = "dependency_injector-4.40.0-cp310-cp310-win32.whl", hash = "sha256:e43e7cd467e3560572d3541e3d09c331d1f19647c31b8b51a47fcfcd7336e37d"},
    {file = "dependency_injector-4.40.0-cp310-cp310-win_amd64.whl", hash = "sha256:5a0df52eacf8c1085d8509f62f1ff44eb13f326557da2570f2f5bf7015d43f95"},
    {file = "dependency_injector-4.40.0-cp36-cp36m-macosx_10_9_x86_64.whl", hash = "sha256:a73bc8a8ca07b30b5e5e8de9773fcb9fd3391b589df6416f0961e8bfc54d486c"},
    {file = "dependency_injector-4.40.0-cp36-cp36m-manylinux_2_17_aarch64.manylinux2014_aarch64.whl", hash = "sha256:852f2ae9b8842d849d4773c8e16cdc37a5ffcbe4b2f5d75b78ce26d0ff6d98e2"},
    {file = "dependency_injector-4.40.0-cp36-cp36m-manylinux_2_5_i686.manylinux1_i686.manylinux_2_12_i686.manylinux2010_i686.whl", hash = "sha256:d5ec5b70fcd50f738eb726acea2b6cbefb4a492eb06f63f76555f52aeb0d5e52"},
    {file = "dependency_injector-4.40.0-cp36-cp36m-manylinux_2_5_x86_64.manylinux1_x86_64.manylinux_2_12_x86_64.manylinux2010_x86_64.whl", hash = "sha256:62b0434f23652fa6633c33e8543a16a9a5430b0bb4a40016c74369a2f94393bb"},
    {file = "dependency_injector-4.40.0-cp36-cp36m-win32.whl", hash = "sha256:be69661dd7f0a892776986c870b24a03023d3bea9c822e3bbb03c49c72e84c9e"},
    {file = "dependency_injector-4.40.0-cp36-cp36m-win_amd64.whl", hash = "sha256:4f925bccdcbcfb19a5a7f0c16159eaf44fb9ed40d84c2e321febee587c9964dd"},
    {file = "dependency_injector-4.40.0-cp37-cp37m-macosx_10_9_x86_64.whl", hash = "sha256:c28b85cac61994ebd28c1c67eaf2efe471ab2f4eb18469fde44b19bc9a6f0d11"},
    {file = "dependency_injector-4.40.0-cp37-cp37m-manylinux_2_17_aarch64.manylinux2014_aarch64.whl", hash = "sha256:1fd8b34214d86c26c8e3d397552f99cb6479d7f1973fb94cbad0c03f5b854701"},
    {file = "dependency_injector-4.40.0-cp37-cp37m-manylinux_2_5_i686.manylinux1_i686.manylinux_2_12_i686.manylinux2010_i686.whl", hash = "sha256:b0ef567ebc16b7b0cc0ec37acde94836934db2f6fbfdbbd4238362099233d50b"},
    {file = "dependency_injector-4.40.0-cp37-cp37m-manylinux_2_5_x86_64.manylinux1_x86_64.manylinux_2_12_x86_64.manylinux2010_x86_64.whl", hash = "sha256:e838b2b8a62af8b58b18c9f70830b374c45dc4bc260b1a21759619e15aed2148"},
    {file = "dependency_injector-4.40.0-cp37-cp37m-win32.whl", hash = "sha256:c269a82176e93dd7492cc57c2e260450f2c1c780ff7a689657dc7e3d64b09090"},
    {file = "dependency_injector-4.40.0-cp37-cp37m-win_amd64.whl", hash = "sha256:bb73c1119583477805bb4561e9624e62742259f415deaeb09a458bc42bde01b9"},
    {file = "dependency_injector-4.40.0-cp38-cp38-macosx_10_9_x86_64.whl", hash = "sha256:1538204baac86285c3a8d13add1a1cdb98542df95bbfc5393b1e0a85ffdf25c5"},
    {file = "dependency_injector-4.40.0-cp38-cp38-manylinux_2_17_aarch64.manylinux2014_aarch64.whl", hash = "sha256:c3060477952474917803acb3c9bc52922cbe96fa086439b9ccc9862bc47f0f1d"},
    {file = "dependency_injector-4.40.0-cp38-cp38-manylinux_2_5_i686.manylinux1_i686.manylinux_2_12_i686.manylinux2010_i686.whl", hash = "sha256:ab9253032af3f3c9512a84dee0abfdc2068ba2734afeba713743d98e1a1f6276"},
    {file = "dependency_injector-4.40.0-cp38-cp38-manylinux_2_5_x86_64.manylinux1_x86_64.manylinux_2_12_x86_64.manylinux2010_x86_64.whl", hash = "sha256:e657827b11d71ab715a67e2ae72eb48b879b817b78344612a07f14a0e38605d7"},
    {file = "dependency_injector-4.40.0-cp38-cp38-win32.whl", hash = "sha256:25b6a227f047afda50c187189d7e9757bad1d7fc25874684874a4374b2340fbf"},
    {file = "dependency_injector-4.40.0-cp38-cp38-win_amd64.whl", hash = "sha256:82effefc5c4621a257a3a63e35eb5ff1e05b897e1d20731aacd065abbf2bb6e1"},
    {file = "dependency_injector-4.40.0-cp39-cp39-macosx_10_9_x86_64.whl", hash = "sha256:d5e7793660cfd5dc247776e3a0b696bf783fa0b082b1a0759228a8f443cb528d"},
    {file = "dependency_injector-4.40.0-cp39-cp39-manylinux_2_17_aarch64.manylinux2014_aarch64.whl", hash = "sha256:6ec48de79c2b1e1e1685a5a639950580eee67b536bd83313bb19eaead01ea344"},
    {file = "dependency_injector-4.40.0-cp39-cp39-manylinux_2_5_i686.manylinux1_i686.manylinux_2_12_i686.manylinux2010_i686.whl", hash = "sha256:e9b35e5c23619c1fa18f6e21b1d3723f26bfbe3b2cd53a0fff2c7b491214e7bd"},
    {file = "dependency_injector-4.40.0-cp39-cp39-manylinux_2_5_x86_64.manylinux1_x86_64.manylinux_2_12_x86_64.manylinux2010_x86_64.whl", hash = "sha256:3c7faacb6cad7950ea140ce2b9a02c2dc830e6e93c8bdbbb3cc3a4f6ffd83737"},
    {file = "dependency_injector-4.40.0-cp39-cp39-win32.whl", hash = "sha256:cf93024a4cddc9639cdda90e7289d8bc65db2bb4425e09b5f63958e78315f563"},
    {file = "dependency_injector-4.40.0-cp39-cp39-win_amd64.whl", hash = "sha256:8f18a50f2716df9078a91d588ac9b1a88f6e01a57e438e691280ebc566ecfcd4"},
    {file = "dependency_injector-4.40.0-pp37-pypy37_pp73-macosx_10_9_x86_64.whl", hash = "sha256:cca31ae1d48465f2404352c3d3fe55241a6b276a28c92721715c961e6a041463"},
    {file = "dependency_injector-4.40.0-pp37-pypy37_pp73-manylinux_2_17_aarch64.manylinux2014_aarch64.whl", hash = "sha256:8af184cfe77c0338262bad4d8efb2bd3db08ea3a8825028ba01d8cb9248d109d"},
    {file = "dependency_injector-4.40.0-pp37-pypy37_pp73-manylinux_2_5_i686.manylinux1_i686.manylinux_2_12_i686.manylinux2010_i686.whl", hash = "sha256:b91f369c01f73c4a70dd2a79ee34387daec68535c9535310a32aa67b867f7df9"},
    {file = "dependency_injector-4.40.0-pp37-pypy37_pp73-manylinux_2_5_x86_64.manylinux1_x86_64.manylinux_2_12_x86_64.manylinux2010_x86_64.whl", hash = "sha256:e3c8b2af39db0b8f3baeffea30f773e432eee548363f2e80a78b710428e90e84"},
    {file = "dependency_injector-4.40.0-pp37-pypy37_pp73-win_amd64.whl", hash = "sha256:f40684c54bb9ed68322fcfff6e5aaa3c21812cc613f5426a379c0b02a6ee86b3"},
]
idna = [
    {file = "idna-3.4-py3-none-any.whl", hash = "sha256:90b77e79eaa3eba6de819a0c442c0b4ceefc341a7a2ab77d7562bf49f425c5c2"},
    {file = "idna-3.4.tar.gz", hash = "sha256:814f528e8dead7d329833b91c5faa87d60bf71824cd12a7530b5526063d02cb4"},
]
python-dateutil = [
    {file = "python-dateutil-2.8.2.tar.gz", hash = "sha256:0123cacc1627ae19ddf3c27a5de5bd67ee4586fbdd6440d9748f8abb483d3e86"},
    {file = "python_dateutil-2.8.2-py2.py3-none-any.whl", hash = "sha256:961d03dc3453ebbc59dbdea9e4e11c5651520a876d0f4db161e8674aae935da9"},
]
requests = [
    {file = "requests-2.28.1-py3-none-any.whl", hash = "sha256:8fefa2a1a1365bf5520aac41836fbee479da67864514bdb821f31ce07ce65349"},
    {file = "requests-2.28.1.tar.gz", hash = "sha256:7c5599b102feddaa661c826c56ab4fee28bfd17f5abca1ebbe3e7f19d7c97983"},
]
six = [
    {file = "six-1.16.0-py2.py3-none-any.whl", hash = "sha256:8abb2f1d86890a2dfb989f9a77cfcfd3e47c2a354b01111771326f8aa26e0254"},
    {file = "six-1.16.0.tar.gz", hash = "sha256:1e61c37477a1626458e36f7b1d82aa5c9b094fa4802892072e49de9c60c4c926"},
]
typing-extensions = [
    {file = "typing_extensions-4.4.0-py3-none-any.whl", hash = "sha256:16fa4864408f655d35ec496218b85f79b3437c829e93320c7c9215ccfd92489e"},
    {file = "typing_extensions-4.4.0.tar.gz", hash = "sha256:1511434bb92bf8dd198c12b1cc812e800d4181cfcb867674e0f8279cc93087aa"},
]
urllib3 = [
    {file = "urllib3-1.26.12-py2.py3-none-any.whl", hash = "sha256:b930dd878d5a8afb066a637fbb35144fe7901e3b209d1cd4f524bd0e9deee997"},
    {file = "urllib3-1.26.12.tar.gz", hash = "sha256:3fa96cf423e6987997fc326ae8df396db2a8b7c667747d47ddd8ecba91f4a74e"},
]
